
Microsoft Visual Studio Solution File, Format Version 12.00
Project("{FAE04EC0-301F-11D3-BF4B-00C04F79EFBC}") = "_05.Task1", "_05.Task1\_05.Task1.csproj", "{3561E201-7533-4044-95EB-C0C1202B6FF2}"
EndProject
Project("{FAE04EC0-301F-11D3-BF4B-00C04F79EFBC}") = "_05.Task2", "_05.Task2\_05.Task2.csproj", "{73F234B4-63C5-447E-B182-8180754C8A18}"
EndProject
Project("{FAE04EC0-301F-11D3-BF4B-00C04F79EFBC}") = "_7.Task1", "_7.Task1\_7.Task1.csproj", "{4AD45680-F49A-474F-BECE-EE6A30476158}"
EndProject
Project("{FAE04EC0-301F-11D3-BF4B-00C04F79EFBC}") = "_7.Task2", "_7.Task2\_7.Task2.csproj", "{5B4A808B-DC09-4F7C-B932-20F8F3E2218A}"
EndProject
Project("{FAE04EC0-301F-11D3-BF4B-00C04F79EFBC}") = "_7.Task3", "_7.Task3\_7.Task3.csproj", "{08CD5023-1DE0-4446-83F2-2B49DD7D196C}"
EndProject
Project("{FAE04EC0-301F-11D3-BF4B-00C04F79EFBC}") = "_11.Task1", "_11.Task1\_11.Task1.csproj", "{602872D2-3296-4623-A920-C55E1154C1B5}"
EndProject
Project("{FAE04EC0-301F-11D3-BF4B-00C04F79EFBC}") = "_16.Task1", "_16.Task1\_16.Task1.csproj", "{ACA494C9-A451-4126-8F01-4ECF38BCBE61}"
EndProject
Global
	GlobalSection(SolutionConfigurationPlatforms) = preSolution
		Debug|Any CPU = Debug|Any CPU
		Release|Any CPU = Release|Any CPU
	EndGlobalSection
	GlobalSection(ProjectConfigurationPlatforms) = postSolution
		{3561E201-7533-4044-95EB-C0C1202B6FF2}.Debug|Any CPU.ActiveCfg = Debug|Any CPU
		{3561E201-7533-4044-95EB-C0C1202B6FF2}.Debug|Any CPU.Build.0 = Debug|Any CPU
		{3561E201-7533-4044-95EB-C0C1202B6FF2}.Release|Any CPU.ActiveCfg = Release|Any CPU
		{3561E201-7533-4044-95EB-C0C1202B6FF2}.Release|Any CPU.Build.0 = Release|Any CPU
		{73F234B4-63C5-447E-B182-8180754C8A18}.Debug|Any CPU.ActiveCfg = Debug|Any CPU
		{73F234B4-63C5-447E-B182-8180754C8A18}.Debug|Any CPU.Build.0 = Debug|Any CPU
		{73F234B4-63C5-447E-B182-8180754C8A18}.Release|Any CPU.ActiveCfg = Release|Any CPU
		{73F234B4-63C5-447E-B182-8180754C8A18}.Release|Any CPU.Build.0 = Release|Any CPU
		{4AD45680-F49A-474F-BECE-EE6A30476158}.Debug|Any CPU.ActiveCfg = Debug|Any CPU
		{4AD45680-F49A-474F-BECE-EE6A30476158}.Debug|Any CPU.Build.0 = Debug|Any CPU
		{4AD45680-F49A-474F-BECE-EE6A30476158}.Release|Any CPU.ActiveCfg = Release|Any CPU
		{4AD45680-F49A-474F-BECE-EE6A30476158}.Release|Any CPU.Build.0 = Release|Any CPU
		{5B4A808B-DC09-4F7C-B932-20F8F3E2218A}.Debug|Any CPU.ActiveCfg = Debug|Any CPU
		{5B4A808B-DC09-4F7C-B932-20F8F3E2218A}.Debug|Any CPU.Build.0 = Debug|Any CPU
		{5B4A808B-DC09-4F7C-B932-20F8F3E2218A}.Release|Any CPU.ActiveCfg = Release|Any CPU
		{5B4A808B-DC09-4F7C-B932-20F8F3E2218A}.Release|Any CPU.Build.0 = Release|Any CPU
		{08CD5023-1DE0-4446-83F2-2B49DD7D196C}.Debug|Any CPU.ActiveCfg = Debug|Any CPU
		{08CD5023-1DE0-4446-83F2-2B49DD7D196C}.Debug|Any CPU.Build.0 = Debug|Any CPU
		{08CD5023-1DE0-4446-83F2-2B49DD7D196C}.Release|Any CPU.ActiveCfg = Release|Any CPU
		{08CD5023-1DE0-4446-83F2-2B49DD7D196C}.Release|Any CPU.Build.0 = Release|Any CPU
    {602872D2-3296-4623-A920-C55E1154C1B5}.Debug|Any CPU.ActiveCfg = Debug|Any CPU
		{602872D2-3296-4623-A920-C55E1154C1B5}.Debug|Any CPU.Build.0 = Debug|Any CPU
		{602872D2-3296-4623-A920-C55E1154C1B5}.Release|Any CPU.ActiveCfg = Release|Any CPU
		{602872D2-3296-4623-A920-C55E1154C1B5}.Release|Any CPU.Build.0 = Release|Any CPU
		{ACA494C9-A451-4126-8F01-4ECF38BCBE61}.Debug|Any CPU.ActiveCfg = Debug|Any CPU
		{ACA494C9-A451-4126-8F01-4ECF38BCBE61}.Debug|Any CPU.Build.0 = Debug|Any CPU
		{ACA494C9-A451-4126-8F01-4ECF38BCBE61}.Release|Any CPU.ActiveCfg = Release|Any CPU
		{ACA494C9-A451-4126-8F01-4ECF38BCBE61}.Release|Any CPU.Build.0 = Release|Any CPU
	EndGlobalSection
EndGlobal
